// !$*UTF8*$!
{
	archiveVersion = 1;
	classes = {
	};
	objectVersion = 46;
	objects = {

/* Begin PBXBuildFile section */
		060B338218328EBE00DE1DE4 /* WTModelTests.m in Sources */ = {isa = PBXBuildFile; fileRef = 060B338118328EBE00DE1DE4 /* WTModelTests.m */; };
		060B338718328EEE00DE1DE4 /* WTCar.m in Sources */ = {isa = PBXBuildFile; fileRef = 060B338618328EEE00DE1DE4 /* WTCar.m */; };
		060B338A18329A1800DE1DE4 /* NSString+Inflections.m in Sources */ = {isa = PBXBuildFile; fileRef = 060B338918329A1800DE1DE4 /* NSString+Inflections.m */; };
		060B338B18329A1800DE1DE4 /* NSString+Inflections.m in Sources */ = {isa = PBXBuildFile; fileRef = 060B338918329A1800DE1DE4 /* NSString+Inflections.m */; };
		060B33971832B02100DE1DE4 /* NSString+WTModel.m in Sources */ = {isa = PBXBuildFile; fileRef = 060B33961832B02100DE1DE4 /* NSString+WTModel.m */; };
		060B33981832B02100DE1DE4 /* NSString+WTModel.m in Sources */ = {isa = PBXBuildFile; fileRef = 060B33961832B02100DE1DE4 /* NSString+WTModel.m */; };
		060B339B1832B05E00DE1DE4 /* NSNumber+WTModel.m in Sources */ = {isa = PBXBuildFile; fileRef = 060B339A1832B05E00DE1DE4 /* NSNumber+WTModel.m */; };
		060B339C1832B05E00DE1DE4 /* NSNumber+WTModel.m in Sources */ = {isa = PBXBuildFile; fileRef = 060B339A1832B05E00DE1DE4 /* NSNumber+WTModel.m */; };
		060B33A01832B09D00DE1DE4 /* NSDate+WTModel.m in Sources */ = {isa = PBXBuildFile; fileRef = 060B339F1832B09D00DE1DE4 /* NSDate+WTModel.m */; };
		060B33A11832B09D00DE1DE4 /* NSDate+WTModel.m in Sources */ = {isa = PBXBuildFile; fileRef = 060B339F1832B09D00DE1DE4 /* NSDate+WTModel.m */; };
		060BA73B1827FF09009305F7 /* XCTAsyncTestCase.m in Sources */ = {isa = PBXBuildFile; fileRef = 060BA73A1827FF09009305F7 /* XCTAsyncTestCase.m */; };
		067BFE8D182BE800009418C9 /* WTMigration.m in Sources */ = {isa = PBXBuildFile; fileRef = 067BFE8C182BE800009418C9 /* WTMigration.m */; };
		067BFE8E182BE800009418C9 /* WTMigration.m in Sources */ = {isa = PBXBuildFile; fileRef = 067BFE8C182BE800009418C9 /* WTMigration.m */; };
		069528F01824235D007159B6 /* libsqlcipher.a in Frameworks */ = {isa = PBXBuildFile; fileRef = 069528EF18242338007159B6 /* libsqlcipher.a */; };
		069528F918243ADA007159B6 /* XCTestCase+WTDatabase.m in Sources */ = {isa = PBXBuildFile; fileRef = 069528F818243ADA007159B6 /* XCTestCase+WTDatabase.m */; };
		069528FB18243C53007159B6 /* WTDatabaseManagerTests.m in Sources */ = {isa = PBXBuildFile; fileRef = 069528FA18243C53007159B6 /* WTDatabaseManagerTests.m */; };
		06A179B11822D5C8003A68F5 /* Foundation.framework in Frameworks */ = {isa = PBXBuildFile; fileRef = 06A179B01822D5C8003A68F5 /* Foundation.framework */; };
		06A179BF1822D5C8003A68F5 /* XCTest.framework in Frameworks */ = {isa = PBXBuildFile; fileRef = 06A179BE1822D5C8003A68F5 /* XCTest.framework */; };
		06A179C01822D5C8003A68F5 /* Foundation.framework in Frameworks */ = {isa = PBXBuildFile; fileRef = 06A179B01822D5C8003A68F5 /* Foundation.framework */; };
		06A179C21822D5C8003A68F5 /* UIKit.framework in Frameworks */ = {isa = PBXBuildFile; fileRef = 06A179C11822D5C8003A68F5 /* UIKit.framework */; };
		06A179C51822D5C8003A68F5 /* libWalterTrent.a in Frameworks */ = {isa = PBXBuildFile; fileRef = 06A179AD1822D5C8003A68F5 /* libWalterTrent.a */; };
		06A179CB1822D5C8003A68F5 /* InfoPlist.strings in Resources */ = {isa = PBXBuildFile; fileRef = 06A179C91822D5C8003A68F5 /* InfoPlist.strings */; };
		06A179D81822E2B8003A68F5 /* WTDatabaseManager.m in Sources */ = {isa = PBXBuildFile; fileRef = 06A179D71822E2B8003A68F5 /* WTDatabaseManager.m */; };
		06A179D91822E2B8003A68F5 /* WTDatabaseManager.m in Sources */ = {isa = PBXBuildFile; fileRef = 06A179D71822E2B8003A68F5 /* WTDatabaseManager.m */; };
		06A179DC1822E2C9003A68F5 /* WTDatabaseSchemaManager.m in Sources */ = {isa = PBXBuildFile; fileRef = 06A179DB1822E2C9003A68F5 /* WTDatabaseSchemaManager.m */; };
		06A179DD1822E2C9003A68F5 /* WTDatabaseSchemaManager.m in Sources */ = {isa = PBXBuildFile; fileRef = 06A179DB1822E2C9003A68F5 /* WTDatabaseSchemaManager.m */; };
		06A179E01822E412003A68F5 /* WTModel.m in Sources */ = {isa = PBXBuildFile; fileRef = 06A179DF1822E412003A68F5 /* WTModel.m */; };
		06A179E11822E412003A68F5 /* WTModel.m in Sources */ = {isa = PBXBuildFile; fileRef = 06A179DF1822E412003A68F5 /* WTModel.m */; };
		06A179E41822E41A003A68F5 /* WTDatabase.m in Sources */ = {isa = PBXBuildFile; fileRef = 06A179E31822E41A003A68F5 /* WTDatabase.m */; };
		06A179E51822E41A003A68F5 /* WTDatabase.m in Sources */ = {isa = PBXBuildFile; fileRef = 06A179E31822E41A003A68F5 /* WTDatabase.m */; };
		06A179EB1822F5D4003A68F5 /* WTDatabaseTests.m in Sources */ = {isa = PBXBuildFile; fileRef = 06A179EA1822F5D4003A68F5 /* WTDatabaseTests.m */; };
		06A179F21823D4F7003A68F5 /* libsqlite3.dylib in Frameworks */ = {isa = PBXBuildFile; fileRef = 06A179EC1822F8BE003A68F5 /* libsqlite3.dylib */; };
/* End PBXBuildFile section */

/* Begin PBXContainerItemProxy section */
		069528EE18242338007159B6 /* PBXContainerItemProxy */ = {
			isa = PBXContainerItemProxy;
			containerPortal = 069528E918242338007159B6 /* sqlcipher.xcodeproj */;
			proxyType = 2;
			remoteGlobalIDString = D2AAC046055464E500DB518D;
			remoteInfo = sqlcipher;
		};
		069528F118242364007159B6 /* PBXContainerItemProxy */ = {
			isa = PBXContainerItemProxy;
			containerPortal = 069528E918242338007159B6 /* sqlcipher.xcodeproj */;
			proxyType = 1;
			remoteGlobalIDString = D2AAC045055464E500DB518D;
			remoteInfo = sqlcipher;
		};
		06A179C31822D5C8003A68F5 /* PBXContainerItemProxy */ = {
			isa = PBXContainerItemProxy;
			containerPortal = 06A179A51822D5C8003A68F5 /* Project object */;
			proxyType = 1;
			remoteGlobalIDString = 06A179AC1822D5C8003A68F5;
			remoteInfo = WalterTrent;
		};
/* End PBXContainerItemProxy section */

/* Begin PBXCopyFilesBuildPhase section */
		06A179AB1822D5C8003A68F5 /* CopyFiles */ = {
			isa = PBXCopyFilesBuildPhase;
			buildActionMask = 2147483647;
			dstPath = "include/$(PRODUCT_NAME)";
			dstSubfolderSpec = 16;
			files = (
			);
			runOnlyForDeploymentPostprocessing = 0;
		};
/* End PBXCopyFilesBuildPhase section */

/* Begin PBXFileReference section */
		060B338118328EBE00DE1DE4 /* WTModelTests.m */ = {isa = PBXFileReference; fileEncoding = 4; lastKnownFileType = sourcecode.c.objc; path = WTModelTests.m; sourceTree = "<group>"; };
		060B338518328EEE00DE1DE4 /* WTCar.h */ = {isa = PBXFileReference; fileEncoding = 4; lastKnownFileType = sourcecode.c.h; path = WTCar.h; sourceTree = "<group>"; };
		060B338618328EEE00DE1DE4 /* WTCar.m */ = {isa = PBXFileReference; fileEncoding = 4; lastKnownFileType = sourcecode.c.objc; path = WTCar.m; sourceTree = "<group>"; };
		060B338818329A1800DE1DE4 /* NSString+Inflections.h */ = {isa = PBXFileReference; fileEncoding = 4; lastKnownFileType = sourcecode.c.h; path = "NSString+Inflections.h"; sourceTree = "<group>"; };
		060B338918329A1800DE1DE4 /* NSString+Inflections.m */ = {isa = PBXFileReference; fileEncoding = 4; lastKnownFileType = sourcecode.c.objc; path = "NSString+Inflections.m"; sourceTree = "<group>"; };
		060B33951832B02100DE1DE4 /* NSString+WTModel.h */ = {isa = PBXFileReference; fileEncoding = 4; lastKnownFileType = sourcecode.c.h; path = "NSString+WTModel.h"; sourceTree = "<group>"; };
		060B33961832B02100DE1DE4 /* NSString+WTModel.m */ = {isa = PBXFileReference; fileEncoding = 4; lastKnownFileType = sourcecode.c.objc; path = "NSString+WTModel.m"; sourceTree = "<group>"; };
		060B33991832B05E00DE1DE4 /* NSNumber+WTModel.h */ = {isa = PBXFileReference; fileEncoding = 4; lastKnownFileType = sourcecode.c.h; path = "NSNumber+WTModel.h"; sourceTree = "<group>"; };
		060B339A1832B05E00DE1DE4 /* NSNumber+WTModel.m */ = {isa = PBXFileReference; fileEncoding = 4; lastKnownFileType = sourcecode.c.objc; path = "NSNumber+WTModel.m"; sourceTree = "<group>"; };
		060B339E1832B09D00DE1DE4 /* NSDate+WTModel.h */ = {isa = PBXFileReference; fileEncoding = 4; lastKnownFileType = sourcecode.c.h; path = "NSDate+WTModel.h"; sourceTree = "<group>"; };
		060B339F1832B09D00DE1DE4 /* NSDate+WTModel.m */ = {isa = PBXFileReference; fileEncoding = 4; lastKnownFileType = sourcecode.c.objc; path = "NSDate+WTModel.m"; sourceTree = "<group>"; };
		060BA7391827FF09009305F7 /* XCTAsyncTestCase.h */ = {isa = PBXFileReference; fileEncoding = 4; lastKnownFileType = sourcecode.c.h; path = XCTAsyncTestCase.h; sourceTree = "<group>"; };
		060BA73A1827FF09009305F7 /* XCTAsyncTestCase.m */ = {isa = PBXFileReference; fileEncoding = 4; lastKnownFileType = sourcecode.c.objc; path = XCTAsyncTestCase.m; sourceTree = "<group>"; };
		067BFE89182AF87B009418C9 /* WTBlocks.h */ = {isa = PBXFileReference; lastKnownFileType = sourcecode.c.h; path = WTBlocks.h; sourceTree = "<group>"; };
		067BFE8B182BE800009418C9 /* WTMigration.h */ = {isa = PBXFileReference; fileEncoding = 4; lastKnownFileType = sourcecode.c.h; path = WTMigration.h; sourceTree = "<group>"; };
		067BFE8C182BE800009418C9 /* WTMigration.m */ = {isa = PBXFileReference; fileEncoding = 4; lastKnownFileType = sourcecode.c.objc; path = WTMigration.m; sourceTree = "<group>"; };
		069528E918242338007159B6 /* sqlcipher.xcodeproj */ = {isa = PBXFileReference; lastKnownFileType = "wrapper.pb-project"; name = sqlcipher.xcodeproj; path = Vendor/sqlcipher/sqlcipher.xcodeproj; sourceTree = "<group>"; };
		069528F718243ADA007159B6 /* XCTestCase+WTDatabase.h */ = {isa = PBXFileReference; fileEncoding = 4; lastKnownFileType = sourcecode.c.h; path = "XCTestCase+WTDatabase.h"; sourceTree = "<group>"; };
		069528F818243ADA007159B6 /* XCTestCase+WTDatabase.m */ = {isa = PBXFileReference; fileEncoding = 4; lastKnownFileType = sourcecode.c.objc; path = "XCTestCase+WTDatabase.m"; sourceTree = "<group>"; };
		069528FA18243C53007159B6 /* WTDatabaseManagerTests.m */ = {isa = PBXFileReference; fileEncoding = 4; lastKnownFileType = sourcecode.c.objc; path = WTDatabaseManagerTests.m; sourceTree = "<group>"; };
		06A179AD1822D5C8003A68F5 /* libWalterTrent.a */ = {isa = PBXFileReference; explicitFileType = archive.ar; includeInIndex = 0; path = libWalterTrent.a; sourceTree = BUILT_PRODUCTS_DIR; };
		06A179B01822D5C8003A68F5 /* Foundation.framework */ = {isa = PBXFileReference; lastKnownFileType = wrapper.framework; name = Foundation.framework; path = System/Library/Frameworks/Foundation.framework; sourceTree = SDKROOT; };
		06A179B41822D5C8003A68F5 /* WalterTrent-Prefix.pch */ = {isa = PBXFileReference; lastKnownFileType = sourcecode.c.h; path = "WalterTrent-Prefix.pch"; sourceTree = "<group>"; };
		06A179BD1822D5C8003A68F5 /* WalterTrentTests.xctest */ = {isa = PBXFileReference; explicitFileType = wrapper.cfbundle; includeInIndex = 0; path = WalterTrentTests.xctest; sourceTree = BUILT_PRODUCTS_DIR; };
		06A179BE1822D5C8003A68F5 /* XCTest.framework */ = {isa = PBXFileReference; lastKnownFileType = wrapper.framework; name = XCTest.framework; path = Library/Frameworks/XCTest.framework; sourceTree = DEVELOPER_DIR; };
		06A179C11822D5C8003A68F5 /* UIKit.framework */ = {isa = PBXFileReference; lastKnownFileType = wrapper.framework; name = UIKit.framework; path = Library/Frameworks/UIKit.framework; sourceTree = DEVELOPER_DIR; };
		06A179C81822D5C8003A68F5 /* WalterTrentTests-Info.plist */ = {isa = PBXFileReference; lastKnownFileType = text.plist.xml; path = "WalterTrentTests-Info.plist"; sourceTree = "<group>"; };
		06A179CA1822D5C8003A68F5 /* en */ = {isa = PBXFileReference; lastKnownFileType = text.plist.strings; name = en; path = en.lproj/InfoPlist.strings; sourceTree = "<group>"; };
		06A179D61822E2B8003A68F5 /* WTDatabaseManager.h */ = {isa = PBXFileReference; fileEncoding = 4; lastKnownFileType = sourcecode.c.h; path = WTDatabaseManager.h; sourceTree = "<group>"; };
		06A179D71822E2B8003A68F5 /* WTDatabaseManager.m */ = {isa = PBXFileReference; fileEncoding = 4; lastKnownFileType = sourcecode.c.objc; path = WTDatabaseManager.m; sourceTree = "<group>"; };
		06A179DA1822E2C9003A68F5 /* WTDatabaseSchemaManager.h */ = {isa = PBXFileReference; fileEncoding = 4; lastKnownFileType = sourcecode.c.h; path = WTDatabaseSchemaManager.h; sourceTree = "<group>"; };
		06A179DB1822E2C9003A68F5 /* WTDatabaseSchemaManager.m */ = {isa = PBXFileReference; fileEncoding = 4; lastKnownFileType = sourcecode.c.objc; path = WTDatabaseSchemaManager.m; sourceTree = "<group>"; };
		06A179DE1822E412003A68F5 /* WTModel.h */ = {isa = PBXFileReference; fileEncoding = 4; lastKnownFileType = sourcecode.c.h; path = WTModel.h; sourceTree = "<group>"; };
		06A179DF1822E412003A68F5 /* WTModel.m */ = {isa = PBXFileReference; fileEncoding = 4; lastKnownFileType = sourcecode.c.objc; path = WTModel.m; sourceTree = "<group>"; };
		06A179E21822E41A003A68F5 /* WTDatabase.h */ = {isa = PBXFileReference; fileEncoding = 4; lastKnownFileType = sourcecode.c.h; path = WTDatabase.h; sourceTree = "<group>"; };
		06A179E31822E41A003A68F5 /* WTDatabase.m */ = {isa = PBXFileReference; fileEncoding = 4; lastKnownFileType = sourcecode.c.objc; path = WTDatabase.m; sourceTree = "<group>"; };
		06A179EA1822F5D4003A68F5 /* WTDatabaseTests.m */ = {isa = PBXFileReference; fileEncoding = 4; lastKnownFileType = sourcecode.c.objc; path = WTDatabaseTests.m; sourceTree = "<group>"; };
		06A179EC1822F8BE003A68F5 /* libsqlite3.dylib */ = {isa = PBXFileReference; lastKnownFileType = "compiled.mach-o.dylib"; name = libsqlite3.dylib; path = usr/lib/libsqlite3.dylib; sourceTree = SDKROOT; };
		06A179EF1823D382003A68F5 /* libsqlite3.0.dylib */ = {isa = PBXFileReference; lastKnownFileType = "compiled.mach-o.dylib"; name = libsqlite3.0.dylib; path = usr/lib/libsqlite3.0.dylib; sourceTree = SDKROOT; };
/* End PBXFileReference section */

/* Begin PBXFrameworksBuildPhase section */
		06A179AA1822D5C8003A68F5 /* Frameworks */ = {
			isa = PBXFrameworksBuildPhase;
			buildActionMask = 2147483647;
			files = (
				069528F01824235D007159B6 /* libsqlcipher.a in Frameworks */,
				06A179B11822D5C8003A68F5 /* Foundation.framework in Frameworks */,
			);
			runOnlyForDeploymentPostprocessing = 0;
		};
		06A179BA1822D5C8003A68F5 /* Frameworks */ = {
			isa = PBXFrameworksBuildPhase;
			buildActionMask = 2147483647;
			files = (
				06A179F21823D4F7003A68F5 /* libsqlite3.dylib in Frameworks */,
				06A179BF1822D5C8003A68F5 /* XCTest.framework in Frameworks */,
				06A179C21822D5C8003A68F5 /* UIKit.framework in Frameworks */,
				06A179C51822D5C8003A68F5 /* libWalterTrent.a in Frameworks */,
				06A179C01822D5C8003A68F5 /* Foundation.framework in Frameworks */,
			);
			runOnlyForDeploymentPostprocessing = 0;
		};
/* End PBXFrameworksBuildPhase section */

/* Begin PBXGroup section */
		060B338418328EC700DE1DE4 /* Helpers */ = {
			isa = PBXGroup;
			children = (
				060B338518328EEE00DE1DE4 /* WTCar.h */,
				060B338618328EEE00DE1DE4 /* WTCar.m */,
			);
			name = Helpers;
			sourceTree = "<group>";
		};
		060B339D1832B08B00DE1DE4 /* Data Categories */ = {
			isa = PBXGroup;
			children = (
				060B33951832B02100DE1DE4 /* NSString+WTModel.h */,
				060B33961832B02100DE1DE4 /* NSString+WTModel.m */,
				060B33991832B05E00DE1DE4 /* NSNumber+WTModel.h */,
				060B339A1832B05E00DE1DE4 /* NSNumber+WTModel.m */,
				060B339E1832B09D00DE1DE4 /* NSDate+WTModel.h */,
				060B339F1832B09D00DE1DE4 /* NSDate+WTModel.m */,
			);
			name = "Data Categories";
			sourceTree = "<group>";
		};
		069528EA18242338007159B6 /* Products */ = {
			isa = PBXGroup;
			children = (
				069528EF18242338007159B6 /* libsqlcipher.a */,
			);
			name = Products;
			sourceTree = "<group>";
		};
		06A179A41822D5C8003A68F5 = {
			isa = PBXGroup;
			children = (
				069528E918242338007159B6 /* sqlcipher.xcodeproj */,
				06A179B21822D5C8003A68F5 /* WalterTrent */,
				06A179C61822D5C8003A68F5 /* WalterTrentTests */,
				06A179AF1822D5C8003A68F5 /* Frameworks */,
				06A179AE1822D5C8003A68F5 /* Products */,
			);
			sourceTree = "<group>";
		};
		06A179AE1822D5C8003A68F5 /* Products */ = {
			isa = PBXGroup;
			children = (
				06A179AD1822D5C8003A68F5 /* libWalterTrent.a */,
				06A179BD1822D5C8003A68F5 /* WalterTrentTests.xctest */,
			);
			name = Products;
			sourceTree = "<group>";
		};
		06A179AF1822D5C8003A68F5 /* Frameworks */ = {
			isa = PBXGroup;
			children = (
				06A179EF1823D382003A68F5 /* libsqlite3.0.dylib */,
				06A179EC1822F8BE003A68F5 /* libsqlite3.dylib */,
				06A179B01822D5C8003A68F5 /* Foundation.framework */,
				06A179BE1822D5C8003A68F5 /* XCTest.framework */,
				06A179C11822D5C8003A68F5 /* UIKit.framework */,
			);
			name = Frameworks;
			sourceTree = "<group>";
		};
		06A179B21822D5C8003A68F5 /* WalterTrent */ = {
			isa = PBXGroup;
			children = (
				060B339D1832B08B00DE1DE4 /* Data Categories */,
				067BFE89182AF87B009418C9 /* WTBlocks.h */,
				06A179D61822E2B8003A68F5 /* WTDatabaseManager.h */,
				06A179D71822E2B8003A68F5 /* WTDatabaseManager.m */,
				06A179DA1822E2C9003A68F5 /* WTDatabaseSchemaManager.h */,
				06A179DB1822E2C9003A68F5 /* WTDatabaseSchemaManager.m */,
				067BFE8B182BE800009418C9 /* WTMigration.h */,
				067BFE8C182BE800009418C9 /* WTMigration.m */,
				06A179DE1822E412003A68F5 /* WTModel.h */,
				06A179DF1822E412003A68F5 /* WTModel.m */,
				06A179E21822E41A003A68F5 /* WTDatabase.h */,
				06A179E31822E41A003A68F5 /* WTDatabase.m */,
				060B338818329A1800DE1DE4 /* NSString+Inflections.h */,
				060B338918329A1800DE1DE4 /* NSString+Inflections.m */,
				06A179B31822D5C8003A68F5 /* Supporting Files */,
			);
			path = WalterTrent;
			sourceTree = "<group>";
		};
		06A179B31822D5C8003A68F5 /* Supporting Files */ = {
			isa = PBXGroup;
			children = (
				06A179B41822D5C8003A68F5 /* WalterTrent-Prefix.pch */,
			);
			name = "Supporting Files";
			sourceTree = "<group>";
		};
		06A179C61822D5C8003A68F5 /* WalterTrentTests */ = {
			isa = PBXGroup;
			children = (
				060B338418328EC700DE1DE4 /* Helpers */,
				06A179EA1822F5D4003A68F5 /* WTDatabaseTests.m */,
				069528FA18243C53007159B6 /* WTDatabaseManagerTests.m */,
				060B338118328EBE00DE1DE4 /* WTModelTests.m */,
				069528F718243ADA007159B6 /* XCTestCase+WTDatabase.h */,
				069528F818243ADA007159B6 /* XCTestCase+WTDatabase.m */,
				060BA7391827FF09009305F7 /* XCTAsyncTestCase.h */,
				060BA73A1827FF09009305F7 /* XCTAsyncTestCase.m */,
				06A179C71822D5C8003A68F5 /* Supporting Files */,
			);
			path = WalterTrentTests;
			sourceTree = "<group>";
		};
		06A179C71822D5C8003A68F5 /* Supporting Files */ = {
			isa = PBXGroup;
			children = (
				06A179C81822D5C8003A68F5 /* WalterTrentTests-Info.plist */,
				06A179C91822D5C8003A68F5 /* InfoPlist.strings */,
			);
			name = "Supporting Files";
			sourceTree = "<group>";
		};
/* End PBXGroup section */

/* Begin PBXNativeTarget section */
		06A179AC1822D5C8003A68F5 /* WalterTrent */ = {
			isa = PBXNativeTarget;
			buildConfigurationList = 06A179D01822D5C8003A68F5 /* Build configuration list for PBXNativeTarget "WalterTrent" */;
			buildPhases = (
				06A179A91822D5C8003A68F5 /* Sources */,
				06A179AA1822D5C8003A68F5 /* Frameworks */,
				06A179AB1822D5C8003A68F5 /* CopyFiles */,
			);
			buildRules = (
			);
			dependencies = (
				069528F218242364007159B6 /* PBXTargetDependency */,
			);
			name = WalterTrent;
			productName = WalterTrent;
			productReference = 06A179AD1822D5C8003A68F5 /* libWalterTrent.a */;
			productType = "com.apple.product-type.library.static";
		};
		06A179BC1822D5C8003A68F5 /* WalterTrentTests */ = {
			isa = PBXNativeTarget;
			buildConfigurationList = 06A179D31822D5C8003A68F5 /* Build configuration list for PBXNativeTarget "WalterTrentTests" */;
			buildPhases = (
				06A179B91822D5C8003A68F5 /* Sources */,
				06A179BA1822D5C8003A68F5 /* Frameworks */,
				06A179BB1822D5C8003A68F5 /* Resources */,
			);
			buildRules = (
			);
			dependencies = (
				06A179C41822D5C8003A68F5 /* PBXTargetDependency */,
			);
			name = WalterTrentTests;
			productName = WalterTrentTests;
			productReference = 06A179BD1822D5C8003A68F5 /* WalterTrentTests.xctest */;
			productType = "com.apple.product-type.bundle.unit-test";
		};
/* End PBXNativeTarget section */

/* Begin PBXProject section */
		06A179A51822D5C8003A68F5 /* Project object */ = {
			isa = PBXProject;
			attributes = {
				LastUpgradeCheck = 0500;
				ORGANIZATIONNAME = "Cody Coons";
			};
			buildConfigurationList = 06A179A81822D5C8003A68F5 /* Build configuration list for PBXProject "WalterTrent" */;
			compatibilityVersion = "Xcode 3.2";
			developmentRegion = English;
			hasScannedForEncodings = 0;
			knownRegions = (
				en,
			);
			mainGroup = 06A179A41822D5C8003A68F5;
			productRefGroup = 06A179AE1822D5C8003A68F5 /* Products */;
			projectDirPath = "";
			projectReferences = (
				{
					ProductGroup = 069528EA18242338007159B6 /* Products */;
					ProjectRef = 069528E918242338007159B6 /* sqlcipher.xcodeproj */;
				},
			);
			projectRoot = "";
			targets = (
				06A179AC1822D5C8003A68F5 /* WalterTrent */,
				06A179BC1822D5C8003A68F5 /* WalterTrentTests */,
			);
		};
/* End PBXProject section */

/* Begin PBXReferenceProxy section */
		069528EF18242338007159B6 /* libsqlcipher.a */ = {
			isa = PBXReferenceProxy;
			fileType = archive.ar;
			path = libsqlcipher.a;
			remoteRef = 069528EE18242338007159B6 /* PBXContainerItemProxy */;
			sourceTree = BUILT_PRODUCTS_DIR;
		};
/* End PBXReferenceProxy section */

/* Begin PBXResourcesBuildPhase section */
		06A179BB1822D5C8003A68F5 /* Resources */ = {
			isa = PBXResourcesBuildPhase;
			buildActionMask = 2147483647;
			files = (
				06A179CB1822D5C8003A68F5 /* InfoPlist.strings in Resources */,
			);
			runOnlyForDeploymentPostprocessing = 0;
		};
/* End PBXResourcesBuildPhase section */

/* Begin PBXSourcesBuildPhase section */
		06A179A91822D5C8003A68F5 /* Sources */ = {
			isa = PBXSourcesBuildPhase;
			buildActionMask = 2147483647;
			files = (
				060B338A18329A1800DE1DE4 /* NSString+Inflections.m in Sources */,
				067BFE8D182BE800009418C9 /* WTMigration.m in Sources */,
				06A179E01822E412003A68F5 /* WTModel.m in Sources */,
				06A179DC1822E2C9003A68F5 /* WTDatabaseSchemaManager.m in Sources */,
				060B33A01832B09D00DE1DE4 /* NSDate+WTModel.m in Sources */,
				060B33971832B02100DE1DE4 /* NSString+WTModel.m in Sources */,
				06A179D81822E2B8003A68F5 /* WTDatabaseManager.m in Sources */,
				060B339B1832B05E00DE1DE4 /* NSNumber+WTModel.m in Sources */,
				06A179E41822E41A003A68F5 /* WTDatabase.m in Sources */,
			);
			runOnlyForDeploymentPostprocessing = 0;
		};
		06A179B91822D5C8003A68F5 /* Sources */ = {
			isa = PBXSourcesBuildPhase;
			buildActionMask = 2147483647;
			files = (
				06A179E11822E412003A68F5 /* WTModel.m in Sources */,
				060B33A11832B09D00DE1DE4 /* NSDate+WTModel.m in Sources */,
				060B338718328EEE00DE1DE4 /* WTCar.m in Sources */,
				06A179EB1822F5D4003A68F5 /* WTDatabaseTests.m in Sources */,
				060B338218328EBE00DE1DE4 /* WTModelTests.m in Sources */,
				067BFE8E182BE800009418C9 /* WTMigration.m in Sources */,
				069528F918243ADA007159B6 /* XCTestCase+WTDatabase.m in Sources */,
				060B338B18329A1800DE1DE4 /* NSString+Inflections.m in Sources */,
				06A179DD1822E2C9003A68F5 /* WTDatabaseSchemaManager.m in Sources */,
				060B339C1832B05E00DE1DE4 /* NSNumber+WTModel.m in Sources */,
				069528FB18243C53007159B6 /* WTDatabaseManagerTests.m in Sources */,
				06A179D91822E2B8003A68F5 /* WTDatabaseManager.m in Sources */,
				060BA73B1827FF09009305F7 /* XCTAsyncTestCase.m in Sources */,
				06A179E51822E41A003A68F5 /* WTDatabase.m in Sources */,
				060B33981832B02100DE1DE4 /* NSString+WTModel.m in Sources */,
			);
			runOnlyForDeploymentPostprocessing = 0;
		};
/* End PBXSourcesBuildPhase section */

/* Begin PBXTargetDependency section */
		069528F218242364007159B6 /* PBXTargetDependency */ = {
			isa = PBXTargetDependency;
			name = sqlcipher;
			targetProxy = 069528F118242364007159B6 /* PBXContainerItemProxy */;
		};
		06A179C41822D5C8003A68F5 /* PBXTargetDependency */ = {
			isa = PBXTargetDependency;
			target = 06A179AC1822D5C8003A68F5 /* WalterTrent */;
			targetProxy = 06A179C31822D5C8003A68F5 /* PBXContainerItemProxy */;
		};
/* End PBXTargetDependency section */

/* Begin PBXVariantGroup section */
		06A179C91822D5C8003A68F5 /* InfoPlist.strings */ = {
			isa = PBXVariantGroup;
			children = (
				06A179CA1822D5C8003A68F5 /* en */,
			);
			name = InfoPlist.strings;
			sourceTree = "<group>";
		};
/* End PBXVariantGroup section */

/* Begin XCBuildConfiguration section */
		06A179CE1822D5C8003A68F5 /* Debug */ = {
			isa = XCBuildConfiguration;
			buildSettings = {
				ALWAYS_SEARCH_USER_PATHS = NO;
				ARCHS = "$(ARCHS_STANDARD_INCLUDING_64_BIT)";
				CLANG_CXX_LANGUAGE_STANDARD = "gnu++0x";
				CLANG_CXX_LIBRARY = "libc++";
				CLANG_ENABLE_MODULES = YES;
				CLANG_ENABLE_OBJC_ARC = YES;
				CLANG_WARN_BOOL_CONVERSION = YES;
				CLANG_WARN_CONSTANT_CONVERSION = YES;
				CLANG_WARN_DIRECT_OBJC_ISA_USAGE = YES_ERROR;
				CLANG_WARN_EMPTY_BODY = YES;
				CLANG_WARN_ENUM_CONVERSION = YES;
				CLANG_WARN_INT_CONVERSION = YES;
				CLANG_WARN_OBJC_ROOT_CLASS = YES_ERROR;
				CLANG_WARN__DUPLICATE_METHOD_MATCH = YES;
				COPY_PHASE_STRIP = NO;
				GCC_C_LANGUAGE_STANDARD = gnu99;
				GCC_DYNAMIC_NO_PIC = NO;
				GCC_OPTIMIZATION_LEVEL = 0;
				GCC_PREPROCESSOR_DEFINITIONS = (
					"DEBUG=1",
					"$(inherited)",
				);
				GCC_SYMBOLS_PRIVATE_EXTERN = NO;
				GCC_WARN_64_TO_32_BIT_CONVERSION = YES;
				GCC_WARN_ABOUT_RETURN_TYPE = YES_ERROR;
				GCC_WARN_UNDECLARED_SELECTOR = YES;
				GCC_WARN_UNINITIALIZED_AUTOS = YES;
				GCC_WARN_UNUSED_FUNCTION = YES;
				GCC_WARN_UNUSED_VARIABLE = YES;
				IPHONEOS_DEPLOYMENT_TARGET = 7.0;
				ONLY_ACTIVE_ARCH = YES;
				SDKROOT = iphoneos;
			};
			name = Debug;
		};
		06A179CF1822D5C8003A68F5 /* Release */ = {
			isa = XCBuildConfiguration;
			buildSettings = {
				ALWAYS_SEARCH_USER_PATHS = NO;
				ARCHS = "$(ARCHS_STANDARD_INCLUDING_64_BIT)";
				CLANG_CXX_LANGUAGE_STANDARD = "gnu++0x";
				CLANG_CXX_LIBRARY = "libc++";
				CLANG_ENABLE_MODULES = YES;
				CLANG_ENABLE_OBJC_ARC = YES;
				CLANG_WARN_BOOL_CONVERSION = YES;
				CLANG_WARN_CONSTANT_CONVERSION = YES;
				CLANG_WARN_DIRECT_OBJC_ISA_USAGE = YES_ERROR;
				CLANG_WARN_EMPTY_BODY = YES;
				CLANG_WARN_ENUM_CONVERSION = YES;
				CLANG_WARN_INT_CONVERSION = YES;
				CLANG_WARN_OBJC_ROOT_CLASS = YES_ERROR;
				CLANG_WARN__DUPLICATE_METHOD_MATCH = YES;
				COPY_PHASE_STRIP = YES;
				ENABLE_NS_ASSERTIONS = NO;
				GCC_C_LANGUAGE_STANDARD = gnu99;
				GCC_WARN_64_TO_32_BIT_CONVERSION = YES;
				GCC_WARN_ABOUT_RETURN_TYPE = YES_ERROR;
				GCC_WARN_UNDECLARED_SELECTOR = YES;
				GCC_WARN_UNINITIALIZED_AUTOS = YES;
				GCC_WARN_UNUSED_FUNCTION = YES;
				GCC_WARN_UNUSED_VARIABLE = YES;
				IPHONEOS_DEPLOYMENT_TARGET = 7.0;
				SDKROOT = iphoneos;
				VALIDATE_PRODUCT = YES;
			};
			name = Release;
		};
		06A179D11822D5C8003A68F5 /* Debug */ = {
			isa = XCBuildConfiguration;
			buildSettings = {
				DSTROOT = /tmp/WalterTrent.dst;
				GCC_PRECOMPILE_PREFIX_HEADER = YES;
				GCC_PREFIX_HEADER = "WalterTrent/WalterTrent-Prefix.pch";
				OTHER_CFLAGS = "-DSQLITE_HAS_CODEC";
				OTHER_LDFLAGS = "-ObjC";
				PRODUCT_NAME = "$(TARGET_NAME)";
				SKIP_INSTALL = YES;
			};
			name = Debug;
		};
		06A179D21822D5C8003A68F5 /* Release */ = {
			isa = XCBuildConfiguration;
			buildSettings = {
				DSTROOT = /tmp/WalterTrent.dst;
				GCC_PRECOMPILE_PREFIX_HEADER = YES;
				GCC_PREFIX_HEADER = "WalterTrent/WalterTrent-Prefix.pch";
				OTHER_CFLAGS = "-DSQLITE_HAS_CODEC";
				OTHER_LDFLAGS = "-ObjC";
				PRODUCT_NAME = "$(TARGET_NAME)";
				SKIP_INSTALL = YES;
			};
			name = Release;
		};
		06A179D41822D5C8003A68F5 /* Debug */ = {
			isa = XCBuildConfiguration;
			buildSettings = {
				ARCHS = "$(ARCHS_STANDARD_INCLUDING_64_BIT)";
				FRAMEWORK_SEARCH_PATHS = (
					"$(SDKROOT)/Developer/Library/Frameworks",
					"$(inherited)",
					"$(DEVELOPER_FRAMEWORKS_DIR)",
				);
				GCC_PRECOMPILE_PREFIX_HEADER = YES;
				GCC_PREFIX_HEADER = "WalterTrent/WalterTrent-Prefix.pch";
				GCC_PREPROCESSOR_DEFINITIONS = (
					"DEBUG=1",
					"$(inherited)",
				);
				INFOPLIST_FILE = "WalterTrentTests/WalterTrentTests-Info.plist";
				OTHER_CFLAGS = "-DSQLITE_HAS_CODEC";
				PRODUCT_NAME = "$(TARGET_NAME)";
				WRAPPER_EXTENSION = xctest;
			};
			name = Debug;
		};
		06A179D51822D5C8003A68F5 /* Release */ = {
			isa = XCBuildConfiguration;
			buildSettings = {
				ARCHS = "$(ARCHS_STANDARD_INCLUDING_64_BIT)";
				FRAMEWORK_SEARCH_PATHS = (
					"$(SDKROOT)/Developer/Library/Frameworks",
					"$(inherited)",
					"$(DEVELOPER_FRAMEWORKS_DIR)",
				);
				GCC_PRECOMPILE_PREFIX_HEADER = YES;
				GCC_PREFIX_HEADER = "WalterTrent/WalterTrent-Prefix.pch";
				INFOPLIST_FILE = "WalterTrentTests/WalterTrentTests-Info.plist";
				OTHER_CFLAGS = "-DSQLITE_HAS_CODEC";
				PRODUCT_NAME = "$(TARGET_NAME)";
				WRAPPER_EXTENSION = xctest;
			};
			name = Release;
		};
/* End XCBuildConfiguration section */

/* Begin XCConfigurationList section */
		06A179A81822D5C8003A68F5 /* Build configuration list for PBXProject "WalterTrent" */ = {
			isa = XCConfigurationList;
			buildConfigurations = (
				06A179CE1822D5C8003A68F5 /* Debug */,
				06A179CF1822D5C8003A68F5 /* Release */,
			);
			defaultConfigurationIsVisible = 0;
			defaultConfigurationName = Release;
		};
		06A179D01822D5C8003A68F5 /* Build configuration list for PBXNativeTarget "WalterTrent" */ = {
			isa = XCConfigurationList;
			buildConfigurations = (
				06A179D11822D5C8003A68F5 /* Debug */,
				06A179D21822D5C8003A68F5 /* Release */,
			);
			defaultConfigurationIsVisible = 0;
			defaultConfigurationName = Release;
		};
		06A179D31822D5C8003A68F5 /* Build configuration list for PBXNativeTarget "WalterTrentTests" */ = {
			isa = XCConfigurationList;
			buildConfigurations = (
				06A179D41822D5C8003A68F5 /* Debug */,
				06A179D51822D5C8003A68F5 /* Release */,
			);
			defaultConfigurationIsVisible = 0;
			defaultConfigurationName = Release;
		};
/* End XCConfigurationList section */
	};
	rootObject = 06A179A51822D5C8003A68F5 /* Project object */;
}
